
Microsoft Visual Studio Solution File, Format Version 12.00
# Visual Studio Version 16
VisualStudioVersion = 16.0.30804.86
MinimumVisualStudioVersion = 10.0.40219.1
Project("{FAE04EC0-301F-11D3-BF4B-00C04F79EFBC}") = "refactoring.console", "refactoring.console\refactoring.console.csproj", "{0CCC6A6A-0047-40AE-9898-D91C6217C4C2}"
EndProject
Project("{FAE04EC0-301F-11D3-BF4B-00C04F79EFBC}") = "refactoring.winforms", "refactoring.winforms\refactoring.winforms.csproj", "{2E0E5CB0-C1D8-4CD4-98E3-460EEBE55864}"
EndProject
Project("{FAE04EC0-301F-11D3-BF4B-00C04F79EFBC}") = "refactoring.bl", "refactoring.bl\refactoring.bl.csproj", "{B106DB4B-7367-4170-AE24-83C751BF5616}"
EndProject
Project("{00D1A9C2-B5F0-4AF3-8072-F6C62B433612}") = "DapperDemoDB", "refactoring.db\DapperDemoDB.sqlproj", "{81B5F5DA-D8F7-456F-9F5C-45D3AAA2791A}"
EndProject
Global
	GlobalSection(SolutionConfigurationPlatforms) = preSolution
		Debug|Any CPU = Debug|Any CPU
		Release|Any CPU = Release|Any CPU
	EndGlobalSection
	GlobalSection(ProjectConfigurationPlatforms) = postSolution
		{0CCC6A6A-0047-40AE-9898-D91C6217C4C2}.Debug|Any CPU.ActiveCfg = Debug|Any CPU
		{0CCC6A6A-0047-40AE-9898-D91C6217C4C2}.Debug|Any CPU.Build.0 = Debug|Any CPU
		{0CCC6A6A-0047-40AE-9898-D91C6217C4C2}.Release|Any CPU.ActiveCfg = Release|Any CPU
		{0CCC6A6A-0047-40AE-9898-D91C6217C4C2}.Release|Any CPU.Build.0 = Release|Any CPU
		{2E0E5CB0-C1D8-4CD4-98E3-460EEBE55864}.Debug|Any CPU.ActiveCfg = Debug|Any CPU
		{2E0E5CB0-C1D8-4CD4-98E3-460EEBE55864}.Debug|Any CPU.Build.0 = Debug|Any CPU
		{2E0E5CB0-C1D8-4CD4-98E3-460EEBE55864}.Release|Any CPU.ActiveCfg = Release|Any CPU
		{2E0E5CB0-C1D8-4CD4-98E3-460EEBE55864}.Release|Any CPU.Build.0 = Release|Any CPU
		{B106DB4B-7367-4170-AE24-83C751BF5616}.Debug|Any CPU.ActiveCfg = Debug|Any CPU
		{B106DB4B-7367-4170-AE24-83C751BF5616}.Debug|Any CPU.Build.0 = Debug|Any CPU
		{B106DB4B-7367-4170-AE24-83C751BF5616}.Release|Any CPU.ActiveCfg = Release|Any CPU
		{B106DB4B-7367-4170-AE24-83C751BF5616}.Release|Any CPU.Build.0 = Release|Any CPU
		{81B5F5DA-D8F7-456F-9F5C-45D3AAA2791A}.Debug|Any CPU.ActiveCfg = Debug|Any CPU
		{81B5F5DA-D8F7-456F-9F5C-45D3AAA2791A}.Debug|Any CPU.Build.0 = Debug|Any CPU
		{81B5F5DA-D8F7-456F-9F5C-45D3AAA2791A}.Debug|Any CPU.Deploy.0 = Debug|Any CPU
		{81B5F5DA-D8F7-456F-9F5C-45D3AAA2791A}.Release|Any CPU.ActiveCfg = Release|Any CPU
		{81B5F5DA-D8F7-456F-9F5C-45D3AAA2791A}.Release|Any CPU.Build.0 = Release|Any CPU
		{81B5F5DA-D8F7-456F-9F5C-45D3AAA2791A}.Release|Any CPU.Deploy.0 = Release|Any CPU
	EndGlobalSection
	GlobalSection(SolutionProperties) = preSolution
		HideSolutionNode = FALSE
	EndGlobalSection
	GlobalSection(ExtensibilityGlobals) = postSolution
		SolutionGuid = {35E29503-B3B4-4FE7-9AE2-C812733469F5}
	EndGlobalSection
EndGlobal
