
Microsoft Visual Studio Solution File, Format Version 12.00
# Visual Studio Version 17
VisualStudioVersion = 17.0.31903.59
MinimumVisualStudioVersion = 10.0.40219.1
Project("{2150E333-8FDC-42A3-9474-1A3956D46DE8}") = "async-enumerable", "async-enumerable", "{9C60D3BA-DF2E-4BDF-8F4F-7E997E824696}"
EndProject
Project("{9A19103F-16F7-4668-BE54-9A1E7A4F7556}") = "async-enumerable.console", "async-enumerable\async-enumerable.console\async-enumerable.console.csproj", "{6F17FD67-700E-458E-BD82-33667111531E}"
EndProject
Project("{2150E333-8FDC-42A3-9474-1A3956D46DE8}") = "chores", "chores", "{CBDAAF8D-AB0F-4745-849B-A70147B2FFBC}"
EndProject
Project("{9A19103F-16F7-4668-BE54-9A1E7A4F7556}") = "chores.bl", "chores\chores.bl\chores.bl.csproj", "{4BD6F2A6-CDAF-4FB8-9926-2BB0F07C916A}"
EndProject
Project("{9A19103F-16F7-4668-BE54-9A1E7A4F7556}") = "chores.console", "chores\chores.console\chores.console.csproj", "{B09396E8-215C-45CB-8AD6-B03D4B9C4229}"
EndProject
Project("{2150E333-8FDC-42A3-9474-1A3956D46DE8}") = "CountWordOccurrences", "CountWordOccurrences", "{27EFE0A6-6A7C-4F5B-8E6C-7BC03C3F731B}"
EndProject
Project("{9A19103F-16F7-4668-BE54-9A1E7A4F7556}") = "CountWordOccurrences", "CountWordOccurrences\CountWordOccurrences\CountWordOccurrences.csproj", "{67D67679-0045-41E0-8FED-0C74A064DE04}"
EndProject
Project("{2150E333-8FDC-42A3-9474-1A3956D46DE8}") = "date-json-serialization", "date-json-serialization", "{A6BD9B28-F847-4888-86A5-0D90D6585106}"
EndProject
Project("{9A19103F-16F7-4668-BE54-9A1E7A4F7556}") = "date-json-serialization.console", "date-json-serialization\date-json-serialization.console\date-json-serialization.console.csproj", "{F77F2FA1-5597-4F7C-846A-49D7F832BF46}"
EndProject
Project("{2150E333-8FDC-42A3-9474-1A3956D46DE8}") = "efcore-adventureWorks", "efcore-adventureWorks", "{F1B7998B-5ADA-4A3B-8467-0D145CB8A39C}"
EndProject
Project("{9A19103F-16F7-4668-BE54-9A1E7A4F7556}") = "adventureWorks.webApi", "efcore-adventureWorks\efcore-adventureWorks-webApi\adventureWorks.webApi.csproj", "{D98226BA-168E-4B70-9FAD-1DB23CB06804}"
EndProject
Project("{2150E333-8FDC-42A3-9474-1A3956D46DE8}") = "equality", "equality", "{48930804-9273-4138-BC68-B2076E732171}"
EndProject
Project("{9A19103F-16F7-4668-BE54-9A1E7A4F7556}") = "equality.bl", "equality\equality.bl\equality.bl.csproj", "{D88F4C46-CC89-4CF8-8663-7B9758005E9C}"
EndProject
Project("{9A19103F-16F7-4668-BE54-9A1E7A4F7556}") = "equality.console", "equality\equality.console\equality.console.csproj", "{B80439FD-F282-43B5-9B94-A52F646E718D}"
EndProject
Project("{9A19103F-16F7-4668-BE54-9A1E7A4F7556}") = "equality.tests", "equality\equality.tests\equality.tests.csproj", "{31E18746-A858-4EEE-A8E9-36EA046FBD8A}"
EndProject
Project("{2150E333-8FDC-42A3-9474-1A3956D46DE8}") = "island-finder", "island-finder", "{FC0A129C-4F7D-4D24-8AB7-0FB0FFBFC544}"
EndProject
Project("{9A19103F-16F7-4668-BE54-9A1E7A4F7556}") = "island-finder.console", "island-finder\island-finder.console\island-finder.console.csproj", "{EFF2B719-6E52-49FC-BE74-B6060408949D}"
EndProject
Project("{9A19103F-16F7-4668-BE54-9A1E7A4F7556}") = "island-finder.test", "island-finder\island-finder.test\island-finder.test.csproj", "{00C3AECB-2A0F-4340-95B0-02BAFEF2B208}"
EndProject
Project("{2150E333-8FDC-42A3-9474-1A3956D46DE8}") = "list-batch", "list-batch", "{B85C7CDF-9C01-41FB-A107-085C696E2C79}"
EndProject
Project("{9A19103F-16F7-4668-BE54-9A1E7A4F7556}") = "list-batch.bl", "list-batch\list-batch.bl\list-batch.bl.csproj", "{0BE8C5C6-F950-4D5B-AD70-8FC6640B9F66}"
EndProject
Project("{9A19103F-16F7-4668-BE54-9A1E7A4F7556}") = "list-batch.console", "list-batch\list-batch.console\list-batch.console.csproj", "{6AA8E8AD-BA9C-4292-A779-308BF2C639F9}"
EndProject
Project("{9A19103F-16F7-4668-BE54-9A1E7A4F7556}") = "list-batch.tests", "list-batch\list-batch.tests\list-batch.tests.csproj", "{4847D70B-73FC-4674-AE4D-E381F0A81F0F}"
EndProject
Project("{2150E333-8FDC-42A3-9474-1A3956D46DE8}") = "periodic-timer", "periodic-timer", "{08869743-E5CF-44C7-9EBB-54919ED102AA}"
EndProject
Project("{9A19103F-16F7-4668-BE54-9A1E7A4F7556}") = "periodic-timer.console", "periodic-timer\periodic-timer.console\periodic-timer.console.csproj", "{54CF53E0-1BC7-4F11-A071-C3EC18D0475A}"
EndProject
Project("{2150E333-8FDC-42A3-9474-1A3956D46DE8}") = "processBigFile", "processBigFile", "{9A7A9B59-4A74-4786-B6E1-80F980C47367}"
EndProject
Project("{9A19103F-16F7-4668-BE54-9A1E7A4F7556}") = "processBigFile.benchmark", "processBigFile\processBigFile.benchmark\processBigFile.benchmark.csproj", "{55B2A8AE-9651-44A5-BC59-FF6D790F10AB}"
EndProject
Project("{9A19103F-16F7-4668-BE54-9A1E7A4F7556}") = "processBigFile.console", "processBigFile\processBigFile.console\processBigFile.console.csproj", "{4CA59A28-2076-4D0E-A557-4F07E5E6FE14}"
EndProject
Project("{2150E333-8FDC-42A3-9474-1A3956D46DE8}") = "serilog-bootstrap-logger", "serilog-bootstrap-logger", "{1839B981-FCC7-4C1E-A805-5C5A8F5C5040}"
EndProject
Project("{9A19103F-16F7-4668-BE54-9A1E7A4F7556}") = "serilog-bootstrap-logger.console", "serilog-bootstrap-logger\serilog-bootstrap-logger.console\serilog-bootstrap-logger.console.csproj", "{A3ECE10C-5AD1-4234-8E24-0BC4353AC00F}"
EndProject
Project("{9A19103F-16F7-4668-BE54-9A1E7A4F7556}") = "switch-for-hierarchy", "switch-for-hierarchy\switch-for-hierarchy.csproj", "{FAF541EB-E7B8-4017-8F7A-5772BDE1018D}"
EndProject
Project("{2150E333-8FDC-42A3-9474-1A3956D46DE8}") = "task-practice", "task-practice", "{D155C9A3-6576-4549-8C70-13A467544963}"
EndProject
Project("{9A19103F-16F7-4668-BE54-9A1E7A4F7556}") = "task-practice.logger", "task-practice\task-practice.logger\task-practice.logger.csproj", "{A6168EE8-ECD7-4DDD-9744-8E8C944E5318}"
EndProject
Project("{9A19103F-16F7-4668-BE54-9A1E7A4F7556}") = "task-practice.messages", "task-practice\task-practice.messages\task-practice.messages.csproj", "{EFE728B3-F520-45DF-B6A9-C700D28ED665}"
EndProject
Project("{9A19103F-16F7-4668-BE54-9A1E7A4F7556}") = "task-practice.publisher", "task-practice\task-practice.publisher\task-practice.publisher.csproj", "{83915AFB-0F27-4C8F-8DB4-9F2F227CC123}"
EndProject
Project("{9A19103F-16F7-4668-BE54-9A1E7A4F7556}") = "task-practice.subscriber", "task-practice\task-practice.subscriber\task-practice.subscriber.csproj", "{42B955CB-A94F-40CA-9108-61F71C1906BF}"
EndProject
Project("{9A19103F-16F7-4668-BE54-9A1E7A4F7556}") = "tick-on-the-second", "tick-on-the-second\tick-on-the-second.csproj", "{18179146-3321-4A6B-9A87-0B9710C42C6C}"
EndProject
Project("{2150E333-8FDC-42A3-9474-1A3956D46DE8}") = "validate-settings-section", "validate-settings-section", "{C95E5359-308E-4E0B-9358-A962490D18DE}"
EndProject
Project("{9A19103F-16F7-4668-BE54-9A1E7A4F7556}") = "validate-settings-section.console", "validate-settings-section\validate-settings-section.console\validate-settings-section.console.csproj", "{3FDD3AAB-2239-4BCA-B051-B364B47CDAE6}"
EndProject
Project("{2150E333-8FDC-42A3-9474-1A3956D46DE8}") = "worker-vs-non-worker", "worker-vs-non-worker", "{FBB49E7A-5F68-47AA-8F96-6583C30B09A1}"
EndProject
Project("{9A19103F-16F7-4668-BE54-9A1E7A4F7556}") = "worker-vs-non-worker.console", "worker-vs-non-worker\worker-vs-non-worker.console\worker-vs-non-worker.console.csproj", "{67E67A9C-725E-4623-B25A-011130AEFEEF}"
EndProject
Project("{2150E333-8FDC-42A3-9474-1A3956D46DE8}") = "wwi", "wwi", "{9CEB78B5-AE8E-4968-8AA6-DDAC47A4E4A3}"
EndProject
Project("{9A19103F-16F7-4668-BE54-9A1E7A4F7556}") = "wwi.bl", "wwi\bl\wwi.bl.csproj", "{6390C48E-5B27-46AA-B4CC-4EA4F7A40836}"
EndProject
Project("{9A19103F-16F7-4668-BE54-9A1E7A4F7556}") = "wwi.console", "wwi\console\wwi.console.csproj", "{9518AAEC-AE64-4ECB-900F-B0FFEBE6F8F5}"
EndProject
Project("{9A19103F-16F7-4668-BE54-9A1E7A4F7556}") = "wwi.tests", "wwi\tests\wwi.tests.csproj", "{0CA3B493-1E28-4A64-B31D-3F86A9EA48F8}"
EndProject
Project("{9A19103F-16F7-4668-BE54-9A1E7A4F7556}") = "wwi.web", "wwi\web\wwi.web.csproj", "{E30CDEC8-85DD-4301-A17D-DA4EF3E0CC0A}"
EndProject
Project("{2150E333-8FDC-42A3-9474-1A3956D46DE8}") = "Library", "Library", "{02EA681E-C7D8-13C7-8484-4AC65E1B71E8}"
EndProject
Project("{2150E333-8FDC-42A3-9474-1A3956D46DE8}") = "Library.Console", "Library.Console", "{6E2834E5-C6B7-4D22-939A-3600153F9059}"
EndProject
Project("{2150E333-8FDC-42A3-9474-1A3956D46DE8}") = "Library.Tests", "Library.Tests", "{1A5333E2-E380-42E4-88BF-48E743A28B37}"
EndProject
Project("{FAE04EC0-301F-11D3-BF4B-00C04F79EFBC}") = "Library.Console", "Library\Library.Console\Library.Console.csproj", "{59BC19E9-22C5-36E4-092F-70232E5DC0E8}"
EndProject
Project("{FAE04EC0-301F-11D3-BF4B-00C04F79EFBC}") = "Library.Tests", "Library\Library.Tests\Library.Tests.csproj", "{60F294C7-3D77-63D8-5514-C4AB9BB913BD}"
EndProject
Project("{2150E333-8FDC-42A3-9474-1A3956D46DE8}") = "tick-on-the-second", "tick-on-the-second", "{369CB01D-A1A7-72D2-AABC-3F0945D148A2}"
EndProject
Project("{2150E333-8FDC-42A3-9474-1A3956D46DE8}") = "switch-for-hierarchy", "switch-for-hierarchy", "{C5960CAE-ACBA-4540-B84E-85D3C0762EE9}"
EndProject
Global
	GlobalSection(SolutionConfigurationPlatforms) = preSolution
		Debug|Any CPU = Debug|Any CPU
		Debug|x64 = Debug|x64
		Debug|x86 = Debug|x86
		Release|Any CPU = Release|Any CPU
		Release|x64 = Release|x64
		Release|x86 = Release|x86
	EndGlobalSection
	GlobalSection(ProjectConfigurationPlatforms) = postSolution
		{6F17FD67-700E-458E-BD82-33667111531E}.Debug|Any CPU.ActiveCfg = Debug|Any CPU
		{6F17FD67-700E-458E-BD82-33667111531E}.Debug|Any CPU.Build.0 = Debug|Any CPU
		{6F17FD67-700E-458E-BD82-33667111531E}.Debug|x64.ActiveCfg = Debug|Any CPU
		{6F17FD67-700E-458E-BD82-33667111531E}.Debug|x64.Build.0 = Debug|Any CPU
		{6F17FD67-700E-458E-BD82-33667111531E}.Debug|x86.ActiveCfg = Debug|Any CPU
		{6F17FD67-700E-458E-BD82-33667111531E}.Debug|x86.Build.0 = Debug|Any CPU
		{6F17FD67-700E-458E-BD82-33667111531E}.Release|Any CPU.ActiveCfg = Release|Any CPU
		{6F17FD67-700E-458E-BD82-33667111531E}.Release|Any CPU.Build.0 = Release|Any CPU
		{6F17FD67-700E-458E-BD82-33667111531E}.Release|x64.ActiveCfg = Release|Any CPU
		{6F17FD67-700E-458E-BD82-33667111531E}.Release|x64.Build.0 = Release|Any CPU
		{6F17FD67-700E-458E-BD82-33667111531E}.Release|x86.ActiveCfg = Release|Any CPU
		{6F17FD67-700E-458E-BD82-33667111531E}.Release|x86.Build.0 = Release|Any CPU
		{4BD6F2A6-CDAF-4FB8-9926-2BB0F07C916A}.Debug|Any CPU.ActiveCfg = Debug|Any CPU
		{4BD6F2A6-CDAF-4FB8-9926-2BB0F07C916A}.Debug|Any CPU.Build.0 = Debug|Any CPU
		{4BD6F2A6-CDAF-4FB8-9926-2BB0F07C916A}.Debug|x64.ActiveCfg = Debug|Any CPU
		{4BD6F2A6-CDAF-4FB8-9926-2BB0F07C916A}.Debug|x64.Build.0 = Debug|Any CPU
		{4BD6F2A6-CDAF-4FB8-9926-2BB0F07C916A}.Debug|x86.ActiveCfg = Debug|Any CPU
		{4BD6F2A6-CDAF-4FB8-9926-2BB0F07C916A}.Debug|x86.Build.0 = Debug|Any CPU
		{4BD6F2A6-CDAF-4FB8-9926-2BB0F07C916A}.Release|Any CPU.ActiveCfg = Release|Any CPU
		{4BD6F2A6-CDAF-4FB8-9926-2BB0F07C916A}.Release|Any CPU.Build.0 = Release|Any CPU
		{4BD6F2A6-CDAF-4FB8-9926-2BB0F07C916A}.Release|x64.ActiveCfg = Release|Any CPU
		{4BD6F2A6-CDAF-4FB8-9926-2BB0F07C916A}.Release|x64.Build.0 = Release|Any CPU
		{4BD6F2A6-CDAF-4FB8-9926-2BB0F07C916A}.Release|x86.ActiveCfg = Release|Any CPU
		{4BD6F2A6-CDAF-4FB8-9926-2BB0F07C916A}.Release|x86.Build.0 = Release|Any CPU
		{B09396E8-215C-45CB-8AD6-B03D4B9C4229}.Debug|Any CPU.ActiveCfg = Debug|Any CPU
		{B09396E8-215C-45CB-8AD6-B03D4B9C4229}.Debug|Any CPU.Build.0 = Debug|Any CPU
		{B09396E8-215C-45CB-8AD6-B03D4B9C4229}.Debug|x64.ActiveCfg = Debug|Any CPU
		{B09396E8-215C-45CB-8AD6-B03D4B9C4229}.Debug|x64.Build.0 = Debug|Any CPU
		{B09396E8-215C-45CB-8AD6-B03D4B9C4229}.Debug|x86.ActiveCfg = Debug|Any CPU
		{B09396E8-215C-45CB-8AD6-B03D4B9C4229}.Debug|x86.Build.0 = Debug|Any CPU
		{B09396E8-215C-45CB-8AD6-B03D4B9C4229}.Release|Any CPU.ActiveCfg = Release|Any CPU
		{B09396E8-215C-45CB-8AD6-B03D4B9C4229}.Release|Any CPU.Build.0 = Release|Any CPU
		{B09396E8-215C-45CB-8AD6-B03D4B9C4229}.Release|x64.ActiveCfg = Release|Any CPU
		{B09396E8-215C-45CB-8AD6-B03D4B9C4229}.Release|x64.Build.0 = Release|Any CPU
		{B09396E8-215C-45CB-8AD6-B03D4B9C4229}.Release|x86.ActiveCfg = Release|Any CPU
		{B09396E8-215C-45CB-8AD6-B03D4B9C4229}.Release|x86.Build.0 = Release|Any CPU
		{67D67679-0045-41E0-8FED-0C74A064DE04}.Debug|Any CPU.ActiveCfg = Debug|Any CPU
		{67D67679-0045-41E0-8FED-0C74A064DE04}.Debug|Any CPU.Build.0 = Debug|Any CPU
		{67D67679-0045-41E0-8FED-0C74A064DE04}.Debug|x64.ActiveCfg = Debug|Any CPU
		{67D67679-0045-41E0-8FED-0C74A064DE04}.Debug|x64.Build.0 = Debug|Any CPU
		{67D67679-0045-41E0-8FED-0C74A064DE04}.Debug|x86.ActiveCfg = Debug|Any CPU
		{67D67679-0045-41E0-8FED-0C74A064DE04}.Debug|x86.Build.0 = Debug|Any CPU
		{67D67679-0045-41E0-8FED-0C74A064DE04}.Release|Any CPU.ActiveCfg = Release|Any CPU
		{67D67679-0045-41E0-8FED-0C74A064DE04}.Release|Any CPU.Build.0 = Release|Any CPU
		{67D67679-0045-41E0-8FED-0C74A064DE04}.Release|x64.ActiveCfg = Release|Any CPU
		{67D67679-0045-41E0-8FED-0C74A064DE04}.Release|x64.Build.0 = Release|Any CPU
		{67D67679-0045-41E0-8FED-0C74A064DE04}.Release|x86.ActiveCfg = Release|Any CPU
		{67D67679-0045-41E0-8FED-0C74A064DE04}.Release|x86.Build.0 = Release|Any CPU
		{F77F2FA1-5597-4F7C-846A-49D7F832BF46}.Debug|Any CPU.ActiveCfg = Debug|Any CPU
		{F77F2FA1-5597-4F7C-846A-49D7F832BF46}.Debug|Any CPU.Build.0 = Debug|Any CPU
		{F77F2FA1-5597-4F7C-846A-49D7F832BF46}.Debug|x64.ActiveCfg = Debug|Any CPU
		{F77F2FA1-5597-4F7C-846A-49D7F832BF46}.Debug|x64.Build.0 = Debug|Any CPU
		{F77F2FA1-5597-4F7C-846A-49D7F832BF46}.Debug|x86.ActiveCfg = Debug|Any CPU
		{F77F2FA1-5597-4F7C-846A-49D7F832BF46}.Debug|x86.Build.0 = Debug|Any CPU
		{F77F2FA1-5597-4F7C-846A-49D7F832BF46}.Release|Any CPU.ActiveCfg = Release|Any CPU
		{F77F2FA1-5597-4F7C-846A-49D7F832BF46}.Release|Any CPU.Build.0 = Release|Any CPU
		{F77F2FA1-5597-4F7C-846A-49D7F832BF46}.Release|x64.ActiveCfg = Release|Any CPU
		{F77F2FA1-5597-4F7C-846A-49D7F832BF46}.Release|x64.Build.0 = Release|Any CPU
		{F77F2FA1-5597-4F7C-846A-49D7F832BF46}.Release|x86.ActiveCfg = Release|Any CPU
		{F77F2FA1-5597-4F7C-846A-49D7F832BF46}.Release|x86.Build.0 = Release|Any CPU
		{D98226BA-168E-4B70-9FAD-1DB23CB06804}.Debug|Any CPU.ActiveCfg = Debug|Any CPU
		{D98226BA-168E-4B70-9FAD-1DB23CB06804}.Debug|Any CPU.Build.0 = Debug|Any CPU
		{D98226BA-168E-4B70-9FAD-1DB23CB06804}.Debug|x64.ActiveCfg = Debug|Any CPU
		{D98226BA-168E-4B70-9FAD-1DB23CB06804}.Debug|x64.Build.0 = Debug|Any CPU
		{D98226BA-168E-4B70-9FAD-1DB23CB06804}.Debug|x86.ActiveCfg = Debug|Any CPU
		{D98226BA-168E-4B70-9FAD-1DB23CB06804}.Debug|x86.Build.0 = Debug|Any CPU
		{D98226BA-168E-4B70-9FAD-1DB23CB06804}.Release|Any CPU.ActiveCfg = Release|Any CPU
		{D98226BA-168E-4B70-9FAD-1DB23CB06804}.Release|Any CPU.Build.0 = Release|Any CPU
		{D98226BA-168E-4B70-9FAD-1DB23CB06804}.Release|x64.ActiveCfg = Release|Any CPU
		{D98226BA-168E-4B70-9FAD-1DB23CB06804}.Release|x64.Build.0 = Release|Any CPU
		{D98226BA-168E-4B70-9FAD-1DB23CB06804}.Release|x86.ActiveCfg = Release|Any CPU
		{D98226BA-168E-4B70-9FAD-1DB23CB06804}.Release|x86.Build.0 = Release|Any CPU
		{D88F4C46-CC89-4CF8-8663-7B9758005E9C}.Debug|Any CPU.ActiveCfg = Debug|Any CPU
		{D88F4C46-CC89-4CF8-8663-7B9758005E9C}.Debug|Any CPU.Build.0 = Debug|Any CPU
		{D88F4C46-CC89-4CF8-8663-7B9758005E9C}.Debug|x64.ActiveCfg = Debug|Any CPU
		{D88F4C46-CC89-4CF8-8663-7B9758005E9C}.Debug|x64.Build.0 = Debug|Any CPU
		{D88F4C46-CC89-4CF8-8663-7B9758005E9C}.Debug|x86.ActiveCfg = Debug|Any CPU
		{D88F4C46-CC89-4CF8-8663-7B9758005E9C}.Debug|x86.Build.0 = Debug|Any CPU
		{D88F4C46-CC89-4CF8-8663-7B9758005E9C}.Release|Any CPU.ActiveCfg = Release|Any CPU
		{D88F4C46-CC89-4CF8-8663-7B9758005E9C}.Release|Any CPU.Build.0 = Release|Any CPU
		{D88F4C46-CC89-4CF8-8663-7B9758005E9C}.Release|x64.ActiveCfg = Release|Any CPU
		{D88F4C46-CC89-4CF8-8663-7B9758005E9C}.Release|x64.Build.0 = Release|Any CPU
		{D88F4C46-CC89-4CF8-8663-7B9758005E9C}.Release|x86.ActiveCfg = Release|Any CPU
		{D88F4C46-CC89-4CF8-8663-7B9758005E9C}.Release|x86.Build.0 = Release|Any CPU
		{B80439FD-F282-43B5-9B94-A52F646E718D}.Debug|Any CPU.ActiveCfg = Debug|Any CPU
		{B80439FD-F282-43B5-9B94-A52F646E718D}.Debug|Any CPU.Build.0 = Debug|Any CPU
		{B80439FD-F282-43B5-9B94-A52F646E718D}.Debug|x64.ActiveCfg = Debug|Any CPU
		{B80439FD-F282-43B5-9B94-A52F646E718D}.Debug|x64.Build.0 = Debug|Any CPU
		{B80439FD-F282-43B5-9B94-A52F646E718D}.Debug|x86.ActiveCfg = Debug|Any CPU
		{B80439FD-F282-43B5-9B94-A52F646E718D}.Debug|x86.Build.0 = Debug|Any CPU
		{B80439FD-F282-43B5-9B94-A52F646E718D}.Release|Any CPU.ActiveCfg = Release|Any CPU
		{B80439FD-F282-43B5-9B94-A52F646E718D}.Release|Any CPU.Build.0 = Release|Any CPU
		{B80439FD-F282-43B5-9B94-A52F646E718D}.Release|x64.ActiveCfg = Release|Any CPU
		{B80439FD-F282-43B5-9B94-A52F646E718D}.Release|x64.Build.0 = Release|Any CPU
		{B80439FD-F282-43B5-9B94-A52F646E718D}.Release|x86.ActiveCfg = Release|Any CPU
		{B80439FD-F282-43B5-9B94-A52F646E718D}.Release|x86.Build.0 = Release|Any CPU
		{31E18746-A858-4EEE-A8E9-36EA046FBD8A}.Debug|Any CPU.ActiveCfg = Debug|Any CPU
		{31E18746-A858-4EEE-A8E9-36EA046FBD8A}.Debug|Any CPU.Build.0 = Debug|Any CPU
		{31E18746-A858-4EEE-A8E9-36EA046FBD8A}.Debug|x64.ActiveCfg = Debug|Any CPU
		{31E18746-A858-4EEE-A8E9-36EA046FBD8A}.Debug|x64.Build.0 = Debug|Any CPU
		{31E18746-A858-4EEE-A8E9-36EA046FBD8A}.Debug|x86.ActiveCfg = Debug|Any CPU
		{31E18746-A858-4EEE-A8E9-36EA046FBD8A}.Debug|x86.Build.0 = Debug|Any CPU
		{31E18746-A858-4EEE-A8E9-36EA046FBD8A}.Release|Any CPU.ActiveCfg = Release|Any CPU
		{31E18746-A858-4EEE-A8E9-36EA046FBD8A}.Release|Any CPU.Build.0 = Release|Any CPU
		{31E18746-A858-4EEE-A8E9-36EA046FBD8A}.Release|x64.ActiveCfg = Release|Any CPU
		{31E18746-A858-4EEE-A8E9-36EA046FBD8A}.Release|x64.Build.0 = Release|Any CPU
		{31E18746-A858-4EEE-A8E9-36EA046FBD8A}.Release|x86.ActiveCfg = Release|Any CPU
		{31E18746-A858-4EEE-A8E9-36EA046FBD8A}.Release|x86.Build.0 = Release|Any CPU
		{EFF2B719-6E52-49FC-BE74-B6060408949D}.Debug|Any CPU.ActiveCfg = Debug|Any CPU
		{EFF2B719-6E52-49FC-BE74-B6060408949D}.Debug|Any CPU.Build.0 = Debug|Any CPU
		{EFF2B719-6E52-49FC-BE74-B6060408949D}.Debug|x64.ActiveCfg = Debug|Any CPU
		{EFF2B719-6E52-49FC-BE74-B6060408949D}.Debug|x64.Build.0 = Debug|Any CPU
		{EFF2B719-6E52-49FC-BE74-B6060408949D}.Debug|x86.ActiveCfg = Debug|Any CPU
		{EFF2B719-6E52-49FC-BE74-B6060408949D}.Debug|x86.Build.0 = Debug|Any CPU
		{EFF2B719-6E52-49FC-BE74-B6060408949D}.Release|Any CPU.ActiveCfg = Release|Any CPU
		{EFF2B719-6E52-49FC-BE74-B6060408949D}.Release|Any CPU.Build.0 = Release|Any CPU
		{EFF2B719-6E52-49FC-BE74-B6060408949D}.Release|x64.ActiveCfg = Release|Any CPU
		{EFF2B719-6E52-49FC-BE74-B6060408949D}.Release|x64.Build.0 = Release|Any CPU
		{EFF2B719-6E52-49FC-BE74-B6060408949D}.Release|x86.ActiveCfg = Release|Any CPU
		{EFF2B719-6E52-49FC-BE74-B6060408949D}.Release|x86.Build.0 = Release|Any CPU
		{00C3AECB-2A0F-4340-95B0-02BAFEF2B208}.Debug|Any CPU.ActiveCfg = Debug|Any CPU
		{00C3AECB-2A0F-4340-95B0-02BAFEF2B208}.Debug|Any CPU.Build.0 = Debug|Any CPU
		{00C3AECB-2A0F-4340-95B0-02BAFEF2B208}.Debug|x64.ActiveCfg = Debug|Any CPU
		{00C3AECB-2A0F-4340-95B0-02BAFEF2B208}.Debug|x64.Build.0 = Debug|Any CPU
		{00C3AECB-2A0F-4340-95B0-02BAFEF2B208}.Debug|x86.ActiveCfg = Debug|Any CPU
		{00C3AECB-2A0F-4340-95B0-02BAFEF2B208}.Debug|x86.Build.0 = Debug|Any CPU
		{00C3AECB-2A0F-4340-95B0-02BAFEF2B208}.Release|Any CPU.ActiveCfg = Release|Any CPU
		{00C3AECB-2A0F-4340-95B0-02BAFEF2B208}.Release|Any CPU.Build.0 = Release|Any CPU
		{00C3AECB-2A0F-4340-95B0-02BAFEF2B208}.Release|x64.ActiveCfg = Release|Any CPU
		{00C3AECB-2A0F-4340-95B0-02BAFEF2B208}.Release|x64.Build.0 = Release|Any CPU
		{00C3AECB-2A0F-4340-95B0-02BAFEF2B208}.Release|x86.ActiveCfg = Release|Any CPU
		{00C3AECB-2A0F-4340-95B0-02BAFEF2B208}.Release|x86.Build.0 = Release|Any CPU
		{0BE8C5C6-F950-4D5B-AD70-8FC6640B9F66}.Debug|Any CPU.ActiveCfg = Debug|Any CPU
		{0BE8C5C6-F950-4D5B-AD70-8FC6640B9F66}.Debug|Any CPU.Build.0 = Debug|Any CPU
		{0BE8C5C6-F950-4D5B-AD70-8FC6640B9F66}.Debug|x64.ActiveCfg = Debug|Any CPU
		{0BE8C5C6-F950-4D5B-AD70-8FC6640B9F66}.Debug|x64.Build.0 = Debug|Any CPU
		{0BE8C5C6-F950-4D5B-AD70-8FC6640B9F66}.Debug|x86.ActiveCfg = Debug|Any CPU
		{0BE8C5C6-F950-4D5B-AD70-8FC6640B9F66}.Debug|x86.Build.0 = Debug|Any CPU
		{0BE8C5C6-F950-4D5B-AD70-8FC6640B9F66}.Release|Any CPU.ActiveCfg = Release|Any CPU
		{0BE8C5C6-F950-4D5B-AD70-8FC6640B9F66}.Release|Any CPU.Build.0 = Release|Any CPU
		{0BE8C5C6-F950-4D5B-AD70-8FC6640B9F66}.Release|x64.ActiveCfg = Release|Any CPU
		{0BE8C5C6-F950-4D5B-AD70-8FC6640B9F66}.Release|x64.Build.0 = Release|Any CPU
		{0BE8C5C6-F950-4D5B-AD70-8FC6640B9F66}.Release|x86.ActiveCfg = Release|Any CPU
		{0BE8C5C6-F950-4D5B-AD70-8FC6640B9F66}.Release|x86.Build.0 = Release|Any CPU
		{6AA8E8AD-BA9C-4292-A779-308BF2C639F9}.Debug|Any CPU.ActiveCfg = Debug|Any CPU
		{6AA8E8AD-BA9C-4292-A779-308BF2C639F9}.Debug|Any CPU.Build.0 = Debug|Any CPU
		{6AA8E8AD-BA9C-4292-A779-308BF2C639F9}.Debug|x64.ActiveCfg = Debug|Any CPU
		{6AA8E8AD-BA9C-4292-A779-308BF2C639F9}.Debug|x64.Build.0 = Debug|Any CPU
		{6AA8E8AD-BA9C-4292-A779-308BF2C639F9}.Debug|x86.ActiveCfg = Debug|Any CPU
		{6AA8E8AD-BA9C-4292-A779-308BF2C639F9}.Debug|x86.Build.0 = Debug|Any CPU
		{6AA8E8AD-BA9C-4292-A779-308BF2C639F9}.Release|Any CPU.ActiveCfg = Release|Any CPU
		{6AA8E8AD-BA9C-4292-A779-308BF2C639F9}.Release|Any CPU.Build.0 = Release|Any CPU
		{6AA8E8AD-BA9C-4292-A779-308BF2C639F9}.Release|x64.ActiveCfg = Release|Any CPU
		{6AA8E8AD-BA9C-4292-A779-308BF2C639F9}.Release|x64.Build.0 = Release|Any CPU
		{6AA8E8AD-BA9C-4292-A779-308BF2C639F9}.Release|x86.ActiveCfg = Release|Any CPU
		{6AA8E8AD-BA9C-4292-A779-308BF2C639F9}.Release|x86.Build.0 = Release|Any CPU
		{4847D70B-73FC-4674-AE4D-E381F0A81F0F}.Debug|Any CPU.ActiveCfg = Debug|Any CPU
		{4847D70B-73FC-4674-AE4D-E381F0A81F0F}.Debug|Any CPU.Build.0 = Debug|Any CPU
		{4847D70B-73FC-4674-AE4D-E381F0A81F0F}.Debug|x64.ActiveCfg = Debug|Any CPU
		{4847D70B-73FC-4674-AE4D-E381F0A81F0F}.Debug|x64.Build.0 = Debug|Any CPU
		{4847D70B-73FC-4674-AE4D-E381F0A81F0F}.Debug|x86.ActiveCfg = Debug|Any CPU
		{4847D70B-73FC-4674-AE4D-E381F0A81F0F}.Debug|x86.Build.0 = Debug|Any CPU
		{4847D70B-73FC-4674-AE4D-E381F0A81F0F}.Release|Any CPU.ActiveCfg = Release|Any CPU
		{4847D70B-73FC-4674-AE4D-E381F0A81F0F}.Release|Any CPU.Build.0 = Release|Any CPU
		{4847D70B-73FC-4674-AE4D-E381F0A81F0F}.Release|x64.ActiveCfg = Release|Any CPU
		{4847D70B-73FC-4674-AE4D-E381F0A81F0F}.Release|x64.Build.0 = Release|Any CPU
		{4847D70B-73FC-4674-AE4D-E381F0A81F0F}.Release|x86.ActiveCfg = Release|Any CPU
		{4847D70B-73FC-4674-AE4D-E381F0A81F0F}.Release|x86.Build.0 = Release|Any CPU
		{54CF53E0-1BC7-4F11-A071-C3EC18D0475A}.Debug|Any CPU.ActiveCfg = Debug|Any CPU
		{54CF53E0-1BC7-4F11-A071-C3EC18D0475A}.Debug|Any CPU.Build.0 = Debug|Any CPU
		{54CF53E0-1BC7-4F11-A071-C3EC18D0475A}.Debug|x64.ActiveCfg = Debug|Any CPU
		{54CF53E0-1BC7-4F11-A071-C3EC18D0475A}.Debug|x64.Build.0 = Debug|Any CPU
		{54CF53E0-1BC7-4F11-A071-C3EC18D0475A}.Debug|x86.ActiveCfg = Debug|Any CPU
		{54CF53E0-1BC7-4F11-A071-C3EC18D0475A}.Debug|x86.Build.0 = Debug|Any CPU
		{54CF53E0-1BC7-4F11-A071-C3EC18D0475A}.Release|Any CPU.ActiveCfg = Release|Any CPU
		{54CF53E0-1BC7-4F11-A071-C3EC18D0475A}.Release|Any CPU.Build.0 = Release|Any CPU
		{54CF53E0-1BC7-4F11-A071-C3EC18D0475A}.Release|x64.ActiveCfg = Release|Any CPU
		{54CF53E0-1BC7-4F11-A071-C3EC18D0475A}.Release|x64.Build.0 = Release|Any CPU
		{54CF53E0-1BC7-4F11-A071-C3EC18D0475A}.Release|x86.ActiveCfg = Release|Any CPU
		{54CF53E0-1BC7-4F11-A071-C3EC18D0475A}.Release|x86.Build.0 = Release|Any CPU
		{55B2A8AE-9651-44A5-BC59-FF6D790F10AB}.Debug|Any CPU.ActiveCfg = Debug|Any CPU
		{55B2A8AE-9651-44A5-BC59-FF6D790F10AB}.Debug|Any CPU.Build.0 = Debug|Any CPU
		{55B2A8AE-9651-44A5-BC59-FF6D790F10AB}.Debug|x64.ActiveCfg = Debug|Any CPU
		{55B2A8AE-9651-44A5-BC59-FF6D790F10AB}.Debug|x64.Build.0 = Debug|Any CPU
		{55B2A8AE-9651-44A5-BC59-FF6D790F10AB}.Debug|x86.ActiveCfg = Debug|Any CPU
		{55B2A8AE-9651-44A5-BC59-FF6D790F10AB}.Debug|x86.Build.0 = Debug|Any CPU
		{55B2A8AE-9651-44A5-BC59-FF6D790F10AB}.Release|Any CPU.ActiveCfg = Release|Any CPU
		{55B2A8AE-9651-44A5-BC59-FF6D790F10AB}.Release|Any CPU.Build.0 = Release|Any CPU
		{55B2A8AE-9651-44A5-BC59-FF6D790F10AB}.Release|x64.ActiveCfg = Release|Any CPU
		{55B2A8AE-9651-44A5-BC59-FF6D790F10AB}.Release|x64.Build.0 = Release|Any CPU
		{55B2A8AE-9651-44A5-BC59-FF6D790F10AB}.Release|x86.ActiveCfg = Release|Any CPU
		{55B2A8AE-9651-44A5-BC59-FF6D790F10AB}.Release|x86.Build.0 = Release|Any CPU
		{4CA59A28-2076-4D0E-A557-4F07E5E6FE14}.Debug|Any CPU.ActiveCfg = Debug|Any CPU
		{4CA59A28-2076-4D0E-A557-4F07E5E6FE14}.Debug|Any CPU.Build.0 = Debug|Any CPU
		{4CA59A28-2076-4D0E-A557-4F07E5E6FE14}.Debug|x64.ActiveCfg = Debug|Any CPU
		{4CA59A28-2076-4D0E-A557-4F07E5E6FE14}.Debug|x64.Build.0 = Debug|Any CPU
		{4CA59A28-2076-4D0E-A557-4F07E5E6FE14}.Debug|x86.ActiveCfg = Debug|Any CPU
		{4CA59A28-2076-4D0E-A557-4F07E5E6FE14}.Debug|x86.Build.0 = Debug|Any CPU
		{4CA59A28-2076-4D0E-A557-4F07E5E6FE14}.Release|Any CPU.ActiveCfg = Release|Any CPU
		{4CA59A28-2076-4D0E-A557-4F07E5E6FE14}.Release|Any CPU.Build.0 = Release|Any CPU
		{4CA59A28-2076-4D0E-A557-4F07E5E6FE14}.Release|x64.ActiveCfg = Release|Any CPU
		{4CA59A28-2076-4D0E-A557-4F07E5E6FE14}.Release|x64.Build.0 = Release|Any CPU
		{4CA59A28-2076-4D0E-A557-4F07E5E6FE14}.Release|x86.ActiveCfg = Release|Any CPU
		{4CA59A28-2076-4D0E-A557-4F07E5E6FE14}.Release|x86.Build.0 = Release|Any CPU
		{A3ECE10C-5AD1-4234-8E24-0BC4353AC00F}.Debug|Any CPU.ActiveCfg = Debug|Any CPU
		{A3ECE10C-5AD1-4234-8E24-0BC4353AC00F}.Debug|Any CPU.Build.0 = Debug|Any CPU
		{A3ECE10C-5AD1-4234-8E24-0BC4353AC00F}.Debug|x64.ActiveCfg = Debug|Any CPU
		{A3ECE10C-5AD1-4234-8E24-0BC4353AC00F}.Debug|x64.Build.0 = Debug|Any CPU
		{A3ECE10C-5AD1-4234-8E24-0BC4353AC00F}.Debug|x86.ActiveCfg = Debug|Any CPU
		{A3ECE10C-5AD1-4234-8E24-0BC4353AC00F}.Debug|x86.Build.0 = Debug|Any CPU
		{A3ECE10C-5AD1-4234-8E24-0BC4353AC00F}.Release|Any CPU.ActiveCfg = Release|Any CPU
		{A3ECE10C-5AD1-4234-8E24-0BC4353AC00F}.Release|Any CPU.Build.0 = Release|Any CPU
		{A3ECE10C-5AD1-4234-8E24-0BC4353AC00F}.Release|x64.ActiveCfg = Release|Any CPU
		{A3ECE10C-5AD1-4234-8E24-0BC4353AC00F}.Release|x64.Build.0 = Release|Any CPU
		{A3ECE10C-5AD1-4234-8E24-0BC4353AC00F}.Release|x86.ActiveCfg = Release|Any CPU
		{A3ECE10C-5AD1-4234-8E24-0BC4353AC00F}.Release|x86.Build.0 = Release|Any CPU
		{FAF541EB-E7B8-4017-8F7A-5772BDE1018D}.Debug|Any CPU.ActiveCfg = Debug|Any CPU
		{FAF541EB-E7B8-4017-8F7A-5772BDE1018D}.Debug|Any CPU.Build.0 = Debug|Any CPU
		{FAF541EB-E7B8-4017-8F7A-5772BDE1018D}.Debug|x64.ActiveCfg = Debug|Any CPU
		{FAF541EB-E7B8-4017-8F7A-5772BDE1018D}.Debug|x64.Build.0 = Debug|Any CPU
		{FAF541EB-E7B8-4017-8F7A-5772BDE1018D}.Debug|x86.ActiveCfg = Debug|Any CPU
		{FAF541EB-E7B8-4017-8F7A-5772BDE1018D}.Debug|x86.Build.0 = Debug|Any CPU
		{FAF541EB-E7B8-4017-8F7A-5772BDE1018D}.Release|Any CPU.ActiveCfg = Release|Any CPU
		{FAF541EB-E7B8-4017-8F7A-5772BDE1018D}.Release|Any CPU.Build.0 = Release|Any CPU
		{FAF541EB-E7B8-4017-8F7A-5772BDE1018D}.Release|x64.ActiveCfg = Release|Any CPU
		{FAF541EB-E7B8-4017-8F7A-5772BDE1018D}.Release|x64.Build.0 = Release|Any CPU
		{FAF541EB-E7B8-4017-8F7A-5772BDE1018D}.Release|x86.ActiveCfg = Release|Any CPU
		{FAF541EB-E7B8-4017-8F7A-5772BDE1018D}.Release|x86.Build.0 = Release|Any CPU
		{A6168EE8-ECD7-4DDD-9744-8E8C944E5318}.Debug|Any CPU.ActiveCfg = Debug|Any CPU
		{A6168EE8-ECD7-4DDD-9744-8E8C944E5318}.Debug|Any CPU.Build.0 = Debug|Any CPU
		{A6168EE8-ECD7-4DDD-9744-8E8C944E5318}.Debug|x64.ActiveCfg = Debug|Any CPU
		{A6168EE8-ECD7-4DDD-9744-8E8C944E5318}.Debug|x64.Build.0 = Debug|Any CPU
		{A6168EE8-ECD7-4DDD-9744-8E8C944E5318}.Debug|x86.ActiveCfg = Debug|Any CPU
		{A6168EE8-ECD7-4DDD-9744-8E8C944E5318}.Debug|x86.Build.0 = Debug|Any CPU
		{A6168EE8-ECD7-4DDD-9744-8E8C944E5318}.Release|Any CPU.ActiveCfg = Release|Any CPU
		{A6168EE8-ECD7-4DDD-9744-8E8C944E5318}.Release|Any CPU.Build.0 = Release|Any CPU
		{A6168EE8-ECD7-4DDD-9744-8E8C944E5318}.Release|x64.ActiveCfg = Release|Any CPU
		{A6168EE8-ECD7-4DDD-9744-8E8C944E5318}.Release|x64.Build.0 = Release|Any CPU
		{A6168EE8-ECD7-4DDD-9744-8E8C944E5318}.Release|x86.ActiveCfg = Release|Any CPU
		{A6168EE8-ECD7-4DDD-9744-8E8C944E5318}.Release|x86.Build.0 = Release|Any CPU
		{EFE728B3-F520-45DF-B6A9-C700D28ED665}.Debug|Any CPU.ActiveCfg = Debug|Any CPU
		{EFE728B3-F520-45DF-B6A9-C700D28ED665}.Debug|Any CPU.Build.0 = Debug|Any CPU
		{EFE728B3-F520-45DF-B6A9-C700D28ED665}.Debug|x64.ActiveCfg = Debug|Any CPU
		{EFE728B3-F520-45DF-B6A9-C700D28ED665}.Debug|x64.Build.0 = Debug|Any CPU
		{EFE728B3-F520-45DF-B6A9-C700D28ED665}.Debug|x86.ActiveCfg = Debug|Any CPU
		{EFE728B3-F520-45DF-B6A9-C700D28ED665}.Debug|x86.Build.0 = Debug|Any CPU
		{EFE728B3-F520-45DF-B6A9-C700D28ED665}.Release|Any CPU.ActiveCfg = Release|Any CPU
		{EFE728B3-F520-45DF-B6A9-C700D28ED665}.Release|Any CPU.Build.0 = Release|Any CPU
		{EFE728B3-F520-45DF-B6A9-C700D28ED665}.Release|x64.ActiveCfg = Release|Any CPU
		{EFE728B3-F520-45DF-B6A9-C700D28ED665}.Release|x64.Build.0 = Release|Any CPU
		{EFE728B3-F520-45DF-B6A9-C700D28ED665}.Release|x86.ActiveCfg = Release|Any CPU
		{EFE728B3-F520-45DF-B6A9-C700D28ED665}.Release|x86.Build.0 = Release|Any CPU
		{83915AFB-0F27-4C8F-8DB4-9F2F227CC123}.Debug|Any CPU.ActiveCfg = Debug|Any CPU
		{83915AFB-0F27-4C8F-8DB4-9F2F227CC123}.Debug|Any CPU.Build.0 = Debug|Any CPU
		{83915AFB-0F27-4C8F-8DB4-9F2F227CC123}.Debug|x64.ActiveCfg = Debug|Any CPU
		{83915AFB-0F27-4C8F-8DB4-9F2F227CC123}.Debug|x64.Build.0 = Debug|Any CPU
		{83915AFB-0F27-4C8F-8DB4-9F2F227CC123}.Debug|x86.ActiveCfg = Debug|Any CPU
		{83915AFB-0F27-4C8F-8DB4-9F2F227CC123}.Debug|x86.Build.0 = Debug|Any CPU
		{83915AFB-0F27-4C8F-8DB4-9F2F227CC123}.Release|Any CPU.ActiveCfg = Release|Any CPU
		{83915AFB-0F27-4C8F-8DB4-9F2F227CC123}.Release|Any CPU.Build.0 = Release|Any CPU
		{83915AFB-0F27-4C8F-8DB4-9F2F227CC123}.Release|x64.ActiveCfg = Release|Any CPU
		{83915AFB-0F27-4C8F-8DB4-9F2F227CC123}.Release|x64.Build.0 = Release|Any CPU
		{83915AFB-0F27-4C8F-8DB4-9F2F227CC123}.Release|x86.ActiveCfg = Release|Any CPU
		{83915AFB-0F27-4C8F-8DB4-9F2F227CC123}.Release|x86.Build.0 = Release|Any CPU
		{42B955CB-A94F-40CA-9108-61F71C1906BF}.Debug|Any CPU.ActiveCfg = Debug|Any CPU
		{42B955CB-A94F-40CA-9108-61F71C1906BF}.Debug|Any CPU.Build.0 = Debug|Any CPU
		{42B955CB-A94F-40CA-9108-61F71C1906BF}.Debug|x64.ActiveCfg = Debug|Any CPU
		{42B955CB-A94F-40CA-9108-61F71C1906BF}.Debug|x64.Build.0 = Debug|Any CPU
		{42B955CB-A94F-40CA-9108-61F71C1906BF}.Debug|x86.ActiveCfg = Debug|Any CPU
		{42B955CB-A94F-40CA-9108-61F71C1906BF}.Debug|x86.Build.0 = Debug|Any CPU
		{42B955CB-A94F-40CA-9108-61F71C1906BF}.Release|Any CPU.ActiveCfg = Release|Any CPU
		{42B955CB-A94F-40CA-9108-61F71C1906BF}.Release|Any CPU.Build.0 = Release|Any CPU
		{42B955CB-A94F-40CA-9108-61F71C1906BF}.Release|x64.ActiveCfg = Release|Any CPU
		{42B955CB-A94F-40CA-9108-61F71C1906BF}.Release|x64.Build.0 = Release|Any CPU
		{42B955CB-A94F-40CA-9108-61F71C1906BF}.Release|x86.ActiveCfg = Release|Any CPU
		{42B955CB-A94F-40CA-9108-61F71C1906BF}.Release|x86.Build.0 = Release|Any CPU
		{18179146-3321-4A6B-9A87-0B9710C42C6C}.Debug|Any CPU.ActiveCfg = Debug|Any CPU
		{18179146-3321-4A6B-9A87-0B9710C42C6C}.Debug|Any CPU.Build.0 = Debug|Any CPU
		{18179146-3321-4A6B-9A87-0B9710C42C6C}.Debug|x64.ActiveCfg = Debug|Any CPU
		{18179146-3321-4A6B-9A87-0B9710C42C6C}.Debug|x64.Build.0 = Debug|Any CPU
		{18179146-3321-4A6B-9A87-0B9710C42C6C}.Debug|x86.ActiveCfg = Debug|Any CPU
		{18179146-3321-4A6B-9A87-0B9710C42C6C}.Debug|x86.Build.0 = Debug|Any CPU
		{18179146-3321-4A6B-9A87-0B9710C42C6C}.Release|Any CPU.ActiveCfg = Release|Any CPU
		{18179146-3321-4A6B-9A87-0B9710C42C6C}.Release|Any CPU.Build.0 = Release|Any CPU
		{18179146-3321-4A6B-9A87-0B9710C42C6C}.Release|x64.ActiveCfg = Release|Any CPU
		{18179146-3321-4A6B-9A87-0B9710C42C6C}.Release|x64.Build.0 = Release|Any CPU
		{18179146-3321-4A6B-9A87-0B9710C42C6C}.Release|x86.ActiveCfg = Release|Any CPU
		{18179146-3321-4A6B-9A87-0B9710C42C6C}.Release|x86.Build.0 = Release|Any CPU
		{3FDD3AAB-2239-4BCA-B051-B364B47CDAE6}.Debug|Any CPU.ActiveCfg = Debug|Any CPU
		{3FDD3AAB-2239-4BCA-B051-B364B47CDAE6}.Debug|Any CPU.Build.0 = Debug|Any CPU
		{3FDD3AAB-2239-4BCA-B051-B364B47CDAE6}.Debug|x64.ActiveCfg = Debug|Any CPU
		{3FDD3AAB-2239-4BCA-B051-B364B47CDAE6}.Debug|x64.Build.0 = Debug|Any CPU
		{3FDD3AAB-2239-4BCA-B051-B364B47CDAE6}.Debug|x86.ActiveCfg = Debug|Any CPU
		{3FDD3AAB-2239-4BCA-B051-B364B47CDAE6}.Debug|x86.Build.0 = Debug|Any CPU
		{3FDD3AAB-2239-4BCA-B051-B364B47CDAE6}.Release|Any CPU.ActiveCfg = Release|Any CPU
		{3FDD3AAB-2239-4BCA-B051-B364B47CDAE6}.Release|Any CPU.Build.0 = Release|Any CPU
		{3FDD3AAB-2239-4BCA-B051-B364B47CDAE6}.Release|x64.ActiveCfg = Release|Any CPU
		{3FDD3AAB-2239-4BCA-B051-B364B47CDAE6}.Release|x64.Build.0 = Release|Any CPU
		{3FDD3AAB-2239-4BCA-B051-B364B47CDAE6}.Release|x86.ActiveCfg = Release|Any CPU
		{3FDD3AAB-2239-4BCA-B051-B364B47CDAE6}.Release|x86.Build.0 = Release|Any CPU
		{67E67A9C-725E-4623-B25A-011130AEFEEF}.Debug|Any CPU.ActiveCfg = Debug|Any CPU
		{67E67A9C-725E-4623-B25A-011130AEFEEF}.Debug|Any CPU.Build.0 = Debug|Any CPU
		{67E67A9C-725E-4623-B25A-011130AEFEEF}.Debug|x64.ActiveCfg = Debug|Any CPU
		{67E67A9C-725E-4623-B25A-011130AEFEEF}.Debug|x64.Build.0 = Debug|Any CPU
		{67E67A9C-725E-4623-B25A-011130AEFEEF}.Debug|x86.ActiveCfg = Debug|Any CPU
		{67E67A9C-725E-4623-B25A-011130AEFEEF}.Debug|x86.Build.0 = Debug|Any CPU
		{67E67A9C-725E-4623-B25A-011130AEFEEF}.Release|Any CPU.ActiveCfg = Release|Any CPU
		{67E67A9C-725E-4623-B25A-011130AEFEEF}.Release|Any CPU.Build.0 = Release|Any CPU
		{67E67A9C-725E-4623-B25A-011130AEFEEF}.Release|x64.ActiveCfg = Release|Any CPU
		{67E67A9C-725E-4623-B25A-011130AEFEEF}.Release|x64.Build.0 = Release|Any CPU
		{67E67A9C-725E-4623-B25A-011130AEFEEF}.Release|x86.ActiveCfg = Release|Any CPU
		{67E67A9C-725E-4623-B25A-011130AEFEEF}.Release|x86.Build.0 = Release|Any CPU
		{6390C48E-5B27-46AA-B4CC-4EA4F7A40836}.Debug|Any CPU.ActiveCfg = Debug|Any CPU
		{6390C48E-5B27-46AA-B4CC-4EA4F7A40836}.Debug|Any CPU.Build.0 = Debug|Any CPU
		{6390C48E-5B27-46AA-B4CC-4EA4F7A40836}.Debug|x64.ActiveCfg = Debug|Any CPU
		{6390C48E-5B27-46AA-B4CC-4EA4F7A40836}.Debug|x64.Build.0 = Debug|Any CPU
		{6390C48E-5B27-46AA-B4CC-4EA4F7A40836}.Debug|x86.ActiveCfg = Debug|Any CPU
		{6390C48E-5B27-46AA-B4CC-4EA4F7A40836}.Debug|x86.Build.0 = Debug|Any CPU
		{6390C48E-5B27-46AA-B4CC-4EA4F7A40836}.Release|Any CPU.ActiveCfg = Release|Any CPU
		{6390C48E-5B27-46AA-B4CC-4EA4F7A40836}.Release|Any CPU.Build.0 = Release|Any CPU
		{6390C48E-5B27-46AA-B4CC-4EA4F7A40836}.Release|x64.ActiveCfg = Release|Any CPU
		{6390C48E-5B27-46AA-B4CC-4EA4F7A40836}.Release|x64.Build.0 = Release|Any CPU
		{6390C48E-5B27-46AA-B4CC-4EA4F7A40836}.Release|x86.ActiveCfg = Release|Any CPU
		{6390C48E-5B27-46AA-B4CC-4EA4F7A40836}.Release|x86.Build.0 = Release|Any CPU
		{9518AAEC-AE64-4ECB-900F-B0FFEBE6F8F5}.Debug|Any CPU.ActiveCfg = Debug|Any CPU
		{9518AAEC-AE64-4ECB-900F-B0FFEBE6F8F5}.Debug|Any CPU.Build.0 = Debug|Any CPU
		{9518AAEC-AE64-4ECB-900F-B0FFEBE6F8F5}.Debug|x64.ActiveCfg = Debug|Any CPU
		{9518AAEC-AE64-4ECB-900F-B0FFEBE6F8F5}.Debug|x64.Build.0 = Debug|Any CPU
		{9518AAEC-AE64-4ECB-900F-B0FFEBE6F8F5}.Debug|x86.ActiveCfg = Debug|Any CPU
		{9518AAEC-AE64-4ECB-900F-B0FFEBE6F8F5}.Debug|x86.Build.0 = Debug|Any CPU
		{9518AAEC-AE64-4ECB-900F-B0FFEBE6F8F5}.Release|Any CPU.ActiveCfg = Release|Any CPU
		{9518AAEC-AE64-4ECB-900F-B0FFEBE6F8F5}.Release|Any CPU.Build.0 = Release|Any CPU
		{9518AAEC-AE64-4ECB-900F-B0FFEBE6F8F5}.Release|x64.ActiveCfg = Release|Any CPU
		{9518AAEC-AE64-4ECB-900F-B0FFEBE6F8F5}.Release|x64.Build.0 = Release|Any CPU
		{9518AAEC-AE64-4ECB-900F-B0FFEBE6F8F5}.Release|x86.ActiveCfg = Release|Any CPU
		{9518AAEC-AE64-4ECB-900F-B0FFEBE6F8F5}.Release|x86.Build.0 = Release|Any CPU
		{0CA3B493-1E28-4A64-B31D-3F86A9EA48F8}.Debug|Any CPU.ActiveCfg = Debug|Any CPU
		{0CA3B493-1E28-4A64-B31D-3F86A9EA48F8}.Debug|Any CPU.Build.0 = Debug|Any CPU
		{0CA3B493-1E28-4A64-B31D-3F86A9EA48F8}.Debug|x64.ActiveCfg = Debug|Any CPU
		{0CA3B493-1E28-4A64-B31D-3F86A9EA48F8}.Debug|x64.Build.0 = Debug|Any CPU
		{0CA3B493-1E28-4A64-B31D-3F86A9EA48F8}.Debug|x86.ActiveCfg = Debug|Any CPU
		{0CA3B493-1E28-4A64-B31D-3F86A9EA48F8}.Debug|x86.Build.0 = Debug|Any CPU
		{0CA3B493-1E28-4A64-B31D-3F86A9EA48F8}.Release|Any CPU.ActiveCfg = Release|Any CPU
		{0CA3B493-1E28-4A64-B31D-3F86A9EA48F8}.Release|Any CPU.Build.0 = Release|Any CPU
		{0CA3B493-1E28-4A64-B31D-3F86A9EA48F8}.Release|x64.ActiveCfg = Release|Any CPU
		{0CA3B493-1E28-4A64-B31D-3F86A9EA48F8}.Release|x64.Build.0 = Release|Any CPU
		{0CA3B493-1E28-4A64-B31D-3F86A9EA48F8}.Release|x86.ActiveCfg = Release|Any CPU
		{0CA3B493-1E28-4A64-B31D-3F86A9EA48F8}.Release|x86.Build.0 = Release|Any CPU
		{E30CDEC8-85DD-4301-A17D-DA4EF3E0CC0A}.Debug|Any CPU.ActiveCfg = Debug|Any CPU
		{E30CDEC8-85DD-4301-A17D-DA4EF3E0CC0A}.Debug|Any CPU.Build.0 = Debug|Any CPU
		{E30CDEC8-85DD-4301-A17D-DA4EF3E0CC0A}.Debug|x64.ActiveCfg = Debug|Any CPU
		{E30CDEC8-85DD-4301-A17D-DA4EF3E0CC0A}.Debug|x64.Build.0 = Debug|Any CPU
		{E30CDEC8-85DD-4301-A17D-DA4EF3E0CC0A}.Debug|x86.ActiveCfg = Debug|Any CPU
		{E30CDEC8-85DD-4301-A17D-DA4EF3E0CC0A}.Debug|x86.Build.0 = Debug|Any CPU
		{E30CDEC8-85DD-4301-A17D-DA4EF3E0CC0A}.Release|Any CPU.ActiveCfg = Release|Any CPU
		{E30CDEC8-85DD-4301-A17D-DA4EF3E0CC0A}.Release|Any CPU.Build.0 = Release|Any CPU
		{E30CDEC8-85DD-4301-A17D-DA4EF3E0CC0A}.Release|x64.ActiveCfg = Release|Any CPU
		{E30CDEC8-85DD-4301-A17D-DA4EF3E0CC0A}.Release|x64.Build.0 = Release|Any CPU
		{E30CDEC8-85DD-4301-A17D-DA4EF3E0CC0A}.Release|x86.ActiveCfg = Release|Any CPU
		{E30CDEC8-85DD-4301-A17D-DA4EF3E0CC0A}.Release|x86.Build.0 = Release|Any CPU
		{59BC19E9-22C5-36E4-092F-70232E5DC0E8}.Debug|Any CPU.ActiveCfg = Debug|Any CPU
		{59BC19E9-22C5-36E4-092F-70232E5DC0E8}.Debug|Any CPU.Build.0 = Debug|Any CPU
		{59BC19E9-22C5-36E4-092F-70232E5DC0E8}.Debug|x64.ActiveCfg = Debug|Any CPU
		{59BC19E9-22C5-36E4-092F-70232E5DC0E8}.Debug|x64.Build.0 = Debug|Any CPU
		{59BC19E9-22C5-36E4-092F-70232E5DC0E8}.Debug|x86.ActiveCfg = Debug|Any CPU
		{59BC19E9-22C5-36E4-092F-70232E5DC0E8}.Debug|x86.Build.0 = Debug|Any CPU
		{59BC19E9-22C5-36E4-092F-70232E5DC0E8}.Release|Any CPU.ActiveCfg = Release|Any CPU
		{59BC19E9-22C5-36E4-092F-70232E5DC0E8}.Release|Any CPU.Build.0 = Release|Any CPU
		{59BC19E9-22C5-36E4-092F-70232E5DC0E8}.Release|x64.ActiveCfg = Release|Any CPU
		{59BC19E9-22C5-36E4-092F-70232E5DC0E8}.Release|x64.Build.0 = Release|Any CPU
		{59BC19E9-22C5-36E4-092F-70232E5DC0E8}.Release|x86.ActiveCfg = Release|Any CPU
		{59BC19E9-22C5-36E4-092F-70232E5DC0E8}.Release|x86.Build.0 = Release|Any CPU
		{60F294C7-3D77-63D8-5514-C4AB9BB913BD}.Debug|Any CPU.ActiveCfg = Debug|Any CPU
		{60F294C7-3D77-63D8-5514-C4AB9BB913BD}.Debug|Any CPU.Build.0 = Debug|Any CPU
		{60F294C7-3D77-63D8-5514-C4AB9BB913BD}.Debug|x64.ActiveCfg = Debug|Any CPU
		{60F294C7-3D77-63D8-5514-C4AB9BB913BD}.Debug|x64.Build.0 = Debug|Any CPU
		{60F294C7-3D77-63D8-5514-C4AB9BB913BD}.Debug|x86.ActiveCfg = Debug|Any CPU
		{60F294C7-3D77-63D8-5514-C4AB9BB913BD}.Debug|x86.Build.0 = Debug|Any CPU
		{60F294C7-3D77-63D8-5514-C4AB9BB913BD}.Release|Any CPU.ActiveCfg = Release|Any CPU
		{60F294C7-3D77-63D8-5514-C4AB9BB913BD}.Release|Any CPU.Build.0 = Release|Any CPU
		{60F294C7-3D77-63D8-5514-C4AB9BB913BD}.Release|x64.ActiveCfg = Release|Any CPU
		{60F294C7-3D77-63D8-5514-C4AB9BB913BD}.Release|x64.Build.0 = Release|Any CPU
		{60F294C7-3D77-63D8-5514-C4AB9BB913BD}.Release|x86.ActiveCfg = Release|Any CPU
		{60F294C7-3D77-63D8-5514-C4AB9BB913BD}.Release|x86.Build.0 = Release|Any CPU
	EndGlobalSection
	GlobalSection(SolutionProperties) = preSolution
		HideSolutionNode = FALSE
	EndGlobalSection
	GlobalSection(NestedProjects) = preSolution
		{6F17FD67-700E-458E-BD82-33667111531E} = {9C60D3BA-DF2E-4BDF-8F4F-7E997E824696}
		{4BD6F2A6-CDAF-4FB8-9926-2BB0F07C916A} = {CBDAAF8D-AB0F-4745-849B-A70147B2FFBC}
		{B09396E8-215C-45CB-8AD6-B03D4B9C4229} = {CBDAAF8D-AB0F-4745-849B-A70147B2FFBC}
		{67D67679-0045-41E0-8FED-0C74A064DE04} = {27EFE0A6-6A7C-4F5B-8E6C-7BC03C3F731B}
		{F77F2FA1-5597-4F7C-846A-49D7F832BF46} = {A6BD9B28-F847-4888-86A5-0D90D6585106}
		{D98226BA-168E-4B70-9FAD-1DB23CB06804} = {F1B7998B-5ADA-4A3B-8467-0D145CB8A39C}
		{D88F4C46-CC89-4CF8-8663-7B9758005E9C} = {48930804-9273-4138-BC68-B2076E732171}
		{B80439FD-F282-43B5-9B94-A52F646E718D} = {48930804-9273-4138-BC68-B2076E732171}
		{31E18746-A858-4EEE-A8E9-36EA046FBD8A} = {48930804-9273-4138-BC68-B2076E732171}
		{EFF2B719-6E52-49FC-BE74-B6060408949D} = {FC0A129C-4F7D-4D24-8AB7-0FB0FFBFC544}
		{00C3AECB-2A0F-4340-95B0-02BAFEF2B208} = {FC0A129C-4F7D-4D24-8AB7-0FB0FFBFC544}
		{0BE8C5C6-F950-4D5B-AD70-8FC6640B9F66} = {B85C7CDF-9C01-41FB-A107-085C696E2C79}
		{6AA8E8AD-BA9C-4292-A779-308BF2C639F9} = {B85C7CDF-9C01-41FB-A107-085C696E2C79}
		{4847D70B-73FC-4674-AE4D-E381F0A81F0F} = {B85C7CDF-9C01-41FB-A107-085C696E2C79}
		{54CF53E0-1BC7-4F11-A071-C3EC18D0475A} = {08869743-E5CF-44C7-9EBB-54919ED102AA}
		{55B2A8AE-9651-44A5-BC59-FF6D790F10AB} = {9A7A9B59-4A74-4786-B6E1-80F980C47367}
		{4CA59A28-2076-4D0E-A557-4F07E5E6FE14} = {9A7A9B59-4A74-4786-B6E1-80F980C47367}
		{A3ECE10C-5AD1-4234-8E24-0BC4353AC00F} = {1839B981-FCC7-4C1E-A805-5C5A8F5C5040}
		{FAF541EB-E7B8-4017-8F7A-5772BDE1018D} = {C5960CAE-ACBA-4540-B84E-85D3C0762EE9}
		{A6168EE8-ECD7-4DDD-9744-8E8C944E5318} = {D155C9A3-6576-4549-8C70-13A467544963}
		{EFE728B3-F520-45DF-B6A9-C700D28ED665} = {D155C9A3-6576-4549-8C70-13A467544963}
		{83915AFB-0F27-4C8F-8DB4-9F2F227CC123} = {D155C9A3-6576-4549-8C70-13A467544963}
		{42B955CB-A94F-40CA-9108-61F71C1906BF} = {D155C9A3-6576-4549-8C70-13A467544963}
		{18179146-3321-4A6B-9A87-0B9710C42C6C} = {369CB01D-A1A7-72D2-AABC-3F0945D148A2}
		{3FDD3AAB-2239-4BCA-B051-B364B47CDAE6} = {C95E5359-308E-4E0B-9358-A962490D18DE}
		{67E67A9C-725E-4623-B25A-011130AEFEEF} = {FBB49E7A-5F68-47AA-8F96-6583C30B09A1}
		{6390C48E-5B27-46AA-B4CC-4EA4F7A40836} = {9CEB78B5-AE8E-4968-8AA6-DDAC47A4E4A3}
		{9518AAEC-AE64-4ECB-900F-B0FFEBE6F8F5} = {9CEB78B5-AE8E-4968-8AA6-DDAC47A4E4A3}
		{0CA3B493-1E28-4A64-B31D-3F86A9EA48F8} = {9CEB78B5-AE8E-4968-8AA6-DDAC47A4E4A3}
		{E30CDEC8-85DD-4301-A17D-DA4EF3E0CC0A} = {9CEB78B5-AE8E-4968-8AA6-DDAC47A4E4A3}
		{6E2834E5-C6B7-4D22-939A-3600153F9059} = {02EA681E-C7D8-13C7-8484-4AC65E1B71E8}
		{1A5333E2-E380-42E4-88BF-48E743A28B37} = {02EA681E-C7D8-13C7-8484-4AC65E1B71E8}
		{59BC19E9-22C5-36E4-092F-70232E5DC0E8} = {6E2834E5-C6B7-4D22-939A-3600153F9059}
		{60F294C7-3D77-63D8-5514-C4AB9BB913BD} = {1A5333E2-E380-42E4-88BF-48E743A28B37}
	EndGlobalSection
	GlobalSection(ExtensibilityGlobals) = postSolution
		SolutionGuid = {0DBC7914-37F9-4343-B302-AA6D49BBB3AE}
	EndGlobalSection
EndGlobal
