
Microsoft Visual Studio Solution File, Format Version 12.00
# Visual Studio Version 17
VisualStudioVersion = 17.9.34728.123
MinimumVisualStudioVersion = 10.0.40219.1
Project("{FAE04EC0-301F-11D3-BF4B-00C04F79EFBC}") = "efcore-adventureWorks-webApi", "efcore-adventureWorks-webApi\efcore-adventureWorks-webApi.csproj", "{22B13AB2-55D3-4F8F-9CCB-111D0FC2711A}"
EndProject
Global
	GlobalSection(SolutionConfigurationPlatforms) = preSolution
		Debug|Any CPU = Debug|Any CPU
		Release|Any CPU = Release|Any CPU
	EndGlobalSection
	GlobalSection(ProjectConfigurationPlatforms) = postSolution
		{22B13AB2-55D3-4F8F-9CCB-111D0FC2711A}.Debug|Any CPU.ActiveCfg = Debug|Any CPU
		{22B13AB2-55D3-4F8F-9CCB-111D0FC2711A}.Debug|Any CPU.Build.0 = Debug|Any CPU
		{22B13AB2-55D3-4F8F-9CCB-111D0FC2711A}.Release|Any CPU.ActiveCfg = Release|Any CPU
		{22B13AB2-55D3-4F8F-9CCB-111D0FC2711A}.Release|Any CPU.Build.0 = Release|Any CPU
	EndGlobalSection
	GlobalSection(SolutionProperties) = preSolution
		HideSolutionNode = FALSE
	EndGlobalSection
	GlobalSection(ExtensibilityGlobals) = postSolution
		SolutionGuid = {56D2735C-4F1D-4AD0-87A8-5EB450C9729E}
	EndGlobalSection
EndGlobal
