
Microsoft Visual Studio Solution File, Format Version 12.00
# Visual Studio Version 17
VisualStudioVersion = 17.1.32421.90
MinimumVisualStudioVersion = 10.0.40219.1
Project("{FAE04EC0-301F-11D3-BF4B-00C04F79EFBC}") = "Library", "Library.csproj", "{C90F6E95-CD96-4358-B63A-2F884A9F5C59}"
EndProject
Project("{FAE04EC0-301F-11D3-BF4B-00C04F79EFBC}") = "Library.Tests", "Library.Tests\Library.Tests.csproj", "{4A7A5D9F-AEBB-422F-A61E-BAF748B694BD}"
EndProject
Global
	GlobalSection(SolutionConfigurationPlatforms) = preSolution
		Debug|Any CPU = Debug|Any CPU
		Release|Any CPU = Release|Any CPU
	EndGlobalSection
	GlobalSection(ProjectConfigurationPlatforms) = postSolution
		{C90F6E95-CD96-4358-B63A-2F884A9F5C59}.Debug|Any CPU.ActiveCfg = Debug|Any CPU
		{C90F6E95-CD96-4358-B63A-2F884A9F5C59}.Debug|Any CPU.Build.0 = Debug|Any CPU
		{C90F6E95-CD96-4358-B63A-2F884A9F5C59}.Release|Any CPU.ActiveCfg = Release|Any CPU
		{C90F6E95-CD96-4358-B63A-2F884A9F5C59}.Release|Any CPU.Build.0 = Release|Any CPU
		{4A7A5D9F-AEBB-422F-A61E-BAF748B694BD}.Debug|Any CPU.ActiveCfg = Debug|Any CPU
		{4A7A5D9F-AEBB-422F-A61E-BAF748B694BD}.Debug|Any CPU.Build.0 = Debug|Any CPU
		{4A7A5D9F-AEBB-422F-A61E-BAF748B694BD}.Release|Any CPU.ActiveCfg = Release|Any CPU
		{4A7A5D9F-AEBB-422F-A61E-BAF748B694BD}.Release|Any CPU.Build.0 = Release|Any CPU
	EndGlobalSection
	GlobalSection(SolutionProperties) = preSolution
		HideSolutionNode = FALSE
	EndGlobalSection
	GlobalSection(ExtensibilityGlobals) = postSolution
		SolutionGuid = {ED47AA1C-FC93-4434-8C7A-09CBBE71A219}
	EndGlobalSection
EndGlobal
