
Microsoft Visual Studio Solution File, Format Version 12.00
# Visual Studio Version 17
VisualStudioVersion = 17.0.32112.339
MinimumVisualStudioVersion = 10.0.40219.1
Project("{9A19103F-16F7-4668-BE54-9A1E7A4F7556}") = "wwi.bl", "bl\wwi.bl.csproj", "{440B2A50-A41C-4698-AE1A-277619BBD76D}"
EndProject
Project("{9A19103F-16F7-4668-BE54-9A1E7A4F7556}") = "wwi.console", "console\wwi.console.csproj", "{4232F053-7F43-4F06-A5E5-10F15655D65D}"
EndProject
Project("{9A19103F-16F7-4668-BE54-9A1E7A4F7556}") = "wwi.web", "web\wwi.web.csproj", "{C67192F5-3598-4370-8550-587F2E2095A0}"
EndProject
Project("{9A19103F-16F7-4668-BE54-9A1E7A4F7556}") = "wwi.tests", "tests\wwi.tests.csproj", "{6B40AB4D-7E1B-4C47-840A-CA3AE8F0A1A7}"
EndProject
Global
	GlobalSection(SolutionConfigurationPlatforms) = preSolution
		Debug|Any CPU = Debug|Any CPU
		Release|Any CPU = Release|Any CPU
	EndGlobalSection
	GlobalSection(ProjectConfigurationPlatforms) = postSolution
		{440B2A50-A41C-4698-AE1A-277619BBD76D}.Debug|Any CPU.ActiveCfg = Debug|Any CPU
		{440B2A50-A41C-4698-AE1A-277619BBD76D}.Debug|Any CPU.Build.0 = Debug|Any CPU
		{440B2A50-A41C-4698-AE1A-277619BBD76D}.Release|Any CPU.ActiveCfg = Release|Any CPU
		{440B2A50-A41C-4698-AE1A-277619BBD76D}.Release|Any CPU.Build.0 = Release|Any CPU
		{4232F053-7F43-4F06-A5E5-10F15655D65D}.Debug|Any CPU.ActiveCfg = Debug|Any CPU
		{4232F053-7F43-4F06-A5E5-10F15655D65D}.Debug|Any CPU.Build.0 = Debug|Any CPU
		{4232F053-7F43-4F06-A5E5-10F15655D65D}.Release|Any CPU.ActiveCfg = Release|Any CPU
		{4232F053-7F43-4F06-A5E5-10F15655D65D}.Release|Any CPU.Build.0 = Release|Any CPU
		{C67192F5-3598-4370-8550-587F2E2095A0}.Debug|Any CPU.ActiveCfg = Debug|Any CPU
		{C67192F5-3598-4370-8550-587F2E2095A0}.Debug|Any CPU.Build.0 = Debug|Any CPU
		{C67192F5-3598-4370-8550-587F2E2095A0}.Release|Any CPU.ActiveCfg = Release|Any CPU
		{C67192F5-3598-4370-8550-587F2E2095A0}.Release|Any CPU.Build.0 = Release|Any CPU
		{6B40AB4D-7E1B-4C47-840A-CA3AE8F0A1A7}.Debug|Any CPU.ActiveCfg = Debug|Any CPU
		{6B40AB4D-7E1B-4C47-840A-CA3AE8F0A1A7}.Debug|Any CPU.Build.0 = Debug|Any CPU
		{6B40AB4D-7E1B-4C47-840A-CA3AE8F0A1A7}.Release|Any CPU.ActiveCfg = Release|Any CPU
		{6B40AB4D-7E1B-4C47-840A-CA3AE8F0A1A7}.Release|Any CPU.Build.0 = Release|Any CPU
	EndGlobalSection
	GlobalSection(SolutionProperties) = preSolution
		HideSolutionNode = FALSE
	EndGlobalSection
	GlobalSection(ExtensibilityGlobals) = postSolution
		SolutionGuid = {1AA38DF4-F132-4383-9655-21DA4AF74117}
	EndGlobalSection
EndGlobal
