
Microsoft Visual Studio Solution File, Format Version 12.00
# Visual Studio Version 17
VisualStudioVersion = 17.0.31903.59
MinimumVisualStudioVersion = 10.0.40219.1
Project("{FAE04EC0-301F-11D3-BF4B-00C04F79EFBC}") = "processBigFile.console", "processBigFile.console\processBigFile.console.csproj", "{18A15671-033D-45C7-9EBB-D70BF5B80B60}"
EndProject
Project("{FAE04EC0-301F-11D3-BF4B-00C04F79EFBC}") = "processBigFile.benchmark", "processBigFile.benchmark\processBigFile.benchmark.csproj", "{FD6572A9-B547-40FE-BA74-E70ADB489EAA}"
EndProject
Global
	GlobalSection(SolutionConfigurationPlatforms) = preSolution
		Debug|Any CPU = Debug|Any CPU
		Release|Any CPU = Release|Any CPU
	EndGlobalSection
	GlobalSection(SolutionProperties) = preSolution
		HideSolutionNode = FALSE
	EndGlobalSection
	GlobalSection(ProjectConfigurationPlatforms) = postSolution
		{18A15671-033D-45C7-9EBB-D70BF5B80B60}.Debug|Any CPU.ActiveCfg = Debug|Any CPU
		{18A15671-033D-45C7-9EBB-D70BF5B80B60}.Debug|Any CPU.Build.0 = Debug|Any CPU
		{18A15671-033D-45C7-9EBB-D70BF5B80B60}.Release|Any CPU.ActiveCfg = Release|Any CPU
		{18A15671-033D-45C7-9EBB-D70BF5B80B60}.Release|Any CPU.Build.0 = Release|Any CPU
		{FD6572A9-B547-40FE-BA74-E70ADB489EAA}.Debug|Any CPU.ActiveCfg = Debug|Any CPU
		{FD6572A9-B547-40FE-BA74-E70ADB489EAA}.Debug|Any CPU.Build.0 = Debug|Any CPU
		{FD6572A9-B547-40FE-BA74-E70ADB489EAA}.Release|Any CPU.ActiveCfg = Release|Any CPU
		{FD6572A9-B547-40FE-BA74-E70ADB489EAA}.Release|Any CPU.Build.0 = Release|Any CPU
	EndGlobalSection
EndGlobal
