
Microsoft Visual Studio Solution File, Format Version 12.00
# Visual Studio Version 16
VisualStudioVersion = 16.0.31515.178
MinimumVisualStudioVersion = 10.0.40219.1
Project("{FAE04EC0-301F-11D3-BF4B-00C04F79EFBC}") = "wwi-hr", "wwi-hr.csproj", "{62DC2244-5256-417B-AB54-7CFCFC6B5CFA}"
EndProject
Global
	GlobalSection(SolutionConfigurationPlatforms) = preSolution
		Debug|Any CPU = Debug|Any CPU
		Release|Any CPU = Release|Any CPU
	EndGlobalSection
	GlobalSection(ProjectConfigurationPlatforms) = postSolution
		{62DC2244-5256-417B-AB54-7CFCFC6B5CFA}.Debug|Any CPU.ActiveCfg = Debug|Any CPU
		{62DC2244-5256-417B-AB54-7CFCFC6B5CFA}.Debug|Any CPU.Build.0 = Debug|Any CPU
		{62DC2244-5256-417B-AB54-7CFCFC6B5CFA}.Release|Any CPU.ActiveCfg = Release|Any CPU
		{62DC2244-5256-417B-AB54-7CFCFC6B5CFA}.Release|Any CPU.Build.0 = Release|Any CPU
	EndGlobalSection
	GlobalSection(SolutionProperties) = preSolution
		HideSolutionNode = FALSE
	EndGlobalSection
	GlobalSection(ExtensibilityGlobals) = postSolution
		SolutionGuid = {1AA38DF4-F132-4383-9655-21DA4AF74117}
	EndGlobalSection
EndGlobal
