
Microsoft Visual Studio Solution File, Format Version 12.00
# Visual Studio Version 17
VisualStudioVersion = 17.0.32112.339
MinimumVisualStudioVersion = 10.0.40219.1
Project("{9A19103F-16F7-4668-BE54-9A1E7A4F7556}") = "wwi.console", "wwi-hr.console\wwi.console.csproj", "{EA8FE0D4-2C98-4936-9C36-989B49544C7E}"
EndProject
Project("{9A19103F-16F7-4668-BE54-9A1E7A4F7556}") = "wwi.bl", "wwwi-hr.bl\wwi.bl.csproj", "{B533B997-3055-46CC-8D6A-211627CF81A0}"
EndProject
Global
	GlobalSection(SolutionConfigurationPlatforms) = preSolution
		Debug|Any CPU = Debug|Any CPU
		Release|Any CPU = Release|Any CPU
	EndGlobalSection
	GlobalSection(ProjectConfigurationPlatforms) = postSolution
		{EA8FE0D4-2C98-4936-9C36-989B49544C7E}.Debug|Any CPU.ActiveCfg = Debug|Any CPU
		{EA8FE0D4-2C98-4936-9C36-989B49544C7E}.Debug|Any CPU.Build.0 = Debug|Any CPU
		{EA8FE0D4-2C98-4936-9C36-989B49544C7E}.Release|Any CPU.ActiveCfg = Release|Any CPU
		{EA8FE0D4-2C98-4936-9C36-989B49544C7E}.Release|Any CPU.Build.0 = Release|Any CPU
		{B533B997-3055-46CC-8D6A-211627CF81A0}.Debug|Any CPU.ActiveCfg = Debug|Any CPU
		{B533B997-3055-46CC-8D6A-211627CF81A0}.Debug|Any CPU.Build.0 = Debug|Any CPU
		{B533B997-3055-46CC-8D6A-211627CF81A0}.Release|Any CPU.ActiveCfg = Release|Any CPU
		{B533B997-3055-46CC-8D6A-211627CF81A0}.Release|Any CPU.Build.0 = Release|Any CPU
	EndGlobalSection
	GlobalSection(SolutionProperties) = preSolution
		HideSolutionNode = FALSE
	EndGlobalSection
	GlobalSection(ExtensibilityGlobals) = postSolution
		SolutionGuid = {1AA38DF4-F132-4383-9655-21DA4AF74117}
	EndGlobalSection
EndGlobal
