
Microsoft Visual Studio Solution File, Format Version 12.00
# Visual Studio Version 16
VisualStudioVersion = 16.0.30114.105
MinimumVisualStudioVersion = 10.0.40219.1
Project("{FAE04EC0-301F-11D3-BF4B-00C04F79EFBC}") = "Challenges", "src\Challenges.csproj", "{5B5B7B10-A98A-454B-BF08-26D157D97CAD}"
EndProject
Project("{FAE04EC0-301F-11D3-BF4B-00C04F79EFBC}") = "Challenges.Tests", "tests\Challenges.Tests.csproj", "{6E62ADBB-A35F-42DF-9C2A-3C1CF96458CC}"
EndProject
Global
	GlobalSection(SolutionConfigurationPlatforms) = preSolution
		Debug|Any CPU = Debug|Any CPU
		Release|Any CPU = Release|Any CPU
	EndGlobalSection
	GlobalSection(SolutionProperties) = preSolution
		HideSolutionNode = FALSE
	EndGlobalSection
	GlobalSection(ProjectConfigurationPlatforms) = postSolution
		{5B5B7B10-A98A-454B-BF08-26D157D97CAD}.Debug|Any CPU.ActiveCfg = Debug|Any CPU
		{5B5B7B10-A98A-454B-BF08-26D157D97CAD}.Debug|Any CPU.Build.0 = Debug|Any CPU
		{5B5B7B10-A98A-454B-BF08-26D157D97CAD}.Release|Any CPU.ActiveCfg = Release|Any CPU
		{5B5B7B10-A98A-454B-BF08-26D157D97CAD}.Release|Any CPU.Build.0 = Release|Any CPU
		{6E62ADBB-A35F-42DF-9C2A-3C1CF96458CC}.Debug|Any CPU.ActiveCfg = Debug|Any CPU
		{6E62ADBB-A35F-42DF-9C2A-3C1CF96458CC}.Debug|Any CPU.Build.0 = Debug|Any CPU
		{6E62ADBB-A35F-42DF-9C2A-3C1CF96458CC}.Release|Any CPU.ActiveCfg = Release|Any CPU
		{6E62ADBB-A35F-42DF-9C2A-3C1CF96458CC}.Release|Any CPU.Build.0 = Release|Any CPU
	EndGlobalSection
EndGlobal
