
Microsoft Visual Studio Solution File, Format Version 12.00
# Visual Studio Version 17
VisualStudioVersion = 17.0.31903.59
MinimumVisualStudioVersion = 10.0.40219.1
Project("{9A19103F-16F7-4668-BE54-9A1E7A4F7556}") = "task-practice.messages", "task-practice.messages\task-practice.messages.csproj", "{09ED64E5-79D1-4AEB-B596-7D8173010745}"
EndProject
Project("{9A19103F-16F7-4668-BE54-9A1E7A4F7556}") = "task-practice.publisher", "task-practice.publisher\task-practice.publisher.csproj", "{2387E735-2370-4A31-9CCA-22AD8AAE5F9B}"
EndProject
Project("{9A19103F-16F7-4668-BE54-9A1E7A4F7556}") = "task-practice.subscriber", "task-practice.subscriber\task-practice.subscriber.csproj", "{7B9A597F-CDDE-4994-BF17-B543E6A8D992}"
EndProject
Project("{2150E333-8FDC-42A3-9474-1A3956D46DE8}") = "Solution Items", "Solution Items", "{BAE7DE89-B150-4836-BC5E-6711548F726F}"
	ProjectSection(SolutionItems) = preProject
		docker\docker-compose.yml = docker\docker-compose.yml
	EndProjectSection
EndProject
Project("{FAE04EC0-301F-11D3-BF4B-00C04F79EFBC}") = "task-practice.logger", "task-practice.logger\task-practice.logger.csproj", "{CD4A235A-1F2E-4E02-B976-759349A22BBC}"
EndProject
Global
	GlobalSection(SolutionConfigurationPlatforms) = preSolution
		Debug|Any CPU = Debug|Any CPU
		Release|Any CPU = Release|Any CPU
	EndGlobalSection
	GlobalSection(ProjectConfigurationPlatforms) = postSolution
		{09ED64E5-79D1-4AEB-B596-7D8173010745}.Debug|Any CPU.ActiveCfg = Debug|Any CPU
		{09ED64E5-79D1-4AEB-B596-7D8173010745}.Debug|Any CPU.Build.0 = Debug|Any CPU
		{09ED64E5-79D1-4AEB-B596-7D8173010745}.Release|Any CPU.ActiveCfg = Release|Any CPU
		{09ED64E5-79D1-4AEB-B596-7D8173010745}.Release|Any CPU.Build.0 = Release|Any CPU
		{2387E735-2370-4A31-9CCA-22AD8AAE5F9B}.Debug|Any CPU.ActiveCfg = Debug|Any CPU
		{2387E735-2370-4A31-9CCA-22AD8AAE5F9B}.Debug|Any CPU.Build.0 = Debug|Any CPU
		{2387E735-2370-4A31-9CCA-22AD8AAE5F9B}.Release|Any CPU.ActiveCfg = Release|Any CPU
		{2387E735-2370-4A31-9CCA-22AD8AAE5F9B}.Release|Any CPU.Build.0 = Release|Any CPU
		{7B9A597F-CDDE-4994-BF17-B543E6A8D992}.Debug|Any CPU.ActiveCfg = Debug|Any CPU
		{7B9A597F-CDDE-4994-BF17-B543E6A8D992}.Debug|Any CPU.Build.0 = Debug|Any CPU
		{7B9A597F-CDDE-4994-BF17-B543E6A8D992}.Release|Any CPU.ActiveCfg = Release|Any CPU
		{7B9A597F-CDDE-4994-BF17-B543E6A8D992}.Release|Any CPU.Build.0 = Release|Any CPU
		{CD4A235A-1F2E-4E02-B976-759349A22BBC}.Debug|Any CPU.ActiveCfg = Debug|Any CPU
		{CD4A235A-1F2E-4E02-B976-759349A22BBC}.Debug|Any CPU.Build.0 = Debug|Any CPU
		{CD4A235A-1F2E-4E02-B976-759349A22BBC}.Release|Any CPU.ActiveCfg = Release|Any CPU
		{CD4A235A-1F2E-4E02-B976-759349A22BBC}.Release|Any CPU.Build.0 = Release|Any CPU
	EndGlobalSection
	GlobalSection(SolutionProperties) = preSolution
		HideSolutionNode = FALSE
	EndGlobalSection
	GlobalSection(ExtensibilityGlobals) = postSolution
		SolutionGuid = {CB043E38-7BBF-44F4-B801-A06C5CCAE600}
	EndGlobalSection
EndGlobal
